
Microsoft Visual Studio Solution File, Format Version 12.00
# Visual Studio Version 17
VisualStudioVersion = 17.5.33530.505
MinimumVisualStudioVersion = 10.0.40219.1
Project("{FAE04EC0-301F-11D3-BF4B-00C04F79EFBC}") = "GameGrab", "GameGrab\GameGrab.csproj", "{7410FADF-F837-4C25-941F-646B87787437}"
EndProject
Global
	GlobalSection(SolutionConfigurationPlatforms) = preSolution
		Debug|Any CPU = Debug|Any CPU
		Release|Any CPU = Release|Any CPU
	EndGlobalSection
	GlobalSection(ProjectConfigurationPlatforms) = postSolution
		{7410FADF-F837-4C25-941F-646B87787437}.Debug|Any CPU.ActiveCfg = Debug|Any CPU
		{7410FADF-F837-4C25-941F-646B87787437}.Debug|Any CPU.Build.0 = Debug|Any CPU
		{7410FADF-F837-4C25-941F-646B87787437}.Release|Any CPU.ActiveCfg = Release|Any CPU
		{7410FADF-F837-4C25-941F-646B87787437}.Release|Any CPU.Build.0 = Release|Any CPU
	EndGlobalSection
	GlobalSection(SolutionProperties) = preSolution
		HideSolutionNode = FALSE
	EndGlobalSection
	GlobalSection(ExtensibilityGlobals) = postSolution
		SolutionGuid = {152D6BF8-B193-434E-8649-B4C67667B0C5}
	EndGlobalSection
EndGlobal
